Microsoft Visual Studio Solution File, Format Version 12.00
# Visual Studio Version 17
VisualStudioVersion = 17.5.2.0
MinimumVisualStudioVersion = 10.0.40219.1
Project("{2150E333-8FDC-42A3-9474-1A3956D46DE8}") = "backend", "backend", "{1AE8ACA6-933B-BF2A-3671-3E2EAC007D16}"
EndProject
Project("{FAE04EC0-301F-11D3-BF4B-00C04F79EFBC}") = "TarekStoreApi", "backend\TarekStoreApi\TarekStoreApi.csproj", "{37BA5ACE-937A-4B88-EA07-C00F18DC8718}"
EndProject
Global
	GlobalSection(SolutionConfigurationPlatforms) = preSolution
		Debug|Any CPU = Debug|Any CPU
		Release|Any CPU = Release|Any CPU
	EndGlobalSection
	GlobalSection(ProjectConfigurationPlatforms) = postSolution
		{37BA5ACE-937A-4B88-EA07-C00F18DC8718}.Debug|Any CPU.ActiveCfg = Debug|Any CPU
		{37BA5ACE-937A-4B88-EA07-C00F18DC8718}.Debug|Any CPU.Build.0 = Debug|Any CPU
		{37BA5ACE-937A-4B88-EA07-C00F18DC8718}.Release|Any CPU.ActiveCfg = Release|Any CPU
		{37BA5ACE-937A-4B88-EA07-C00F18DC8718}.Release|Any CPU.Build.0 = Release|Any CPU
	EndGlobalSection
	GlobalSection(SolutionProperties) = preSolution
		HideSolutionNode = FALSE
	EndGlobalSection
	GlobalSection(NestedProjects) = preSolution
		{37BA5ACE-937A-4B88-EA07-C00F18DC8718} = {1AE8ACA6-933B-BF2A-3671-3E2EAC007D16}
	EndGlobalSection
	GlobalSection(ExtensibilityGlobals) = postSolution
		SolutionGuid = {8E35682A-9366-49C7-A41A-666328D9842D}
	EndGlobalSection
EndGlobal
